// !$*UTF8*$!
{
	archiveVersion = 1;
	classes = {
	};
	objectVersion = 46;
	objects = {

/* Begin PBXBuildFile section */
		43BAA93B1F115D59005CF9CD /* AppDelegate.swift in Sources */ = {isa = PBXBuildFile; fileRef = 43BAA93A1F115D59005CF9CD /* AppDelegate.swift */; };
		43BAA93D1F115D59005CF9CD /* ViewController.swift in Sources */ = {isa = PBXBuildFile; fileRef = 43BAA93C1F115D59005CF9CD /* ViewController.swift */; };
		43BAA9401F115D59005CF9CD /* Main.storyboard in Resources */ = {isa = PBXBuildFile; fileRef = 43BAA93E1F115D59005CF9CD /* Main.storyboard */; };
		43BAA9421F115D59005CF9CD /* Assets.xcassets in Resources */ = {isa = PBXBuildFile; fileRef = 43BAA9411F115D59005CF9CD /* Assets.xcassets */; };
		43BAA9451F115D59005CF9CD /* LaunchScreen.storyboard in Resources */ = {isa = PBXBuildFile; fileRef = 43BAA9431F115D59005CF9CD /* LaunchScreen.storyboard */; };
		43BAA9501F115D5A005CF9CD /* UserLoginAndRegisterationTests.swift in Sources */ = {isa = PBXBuildFile; fileRef = 43BAA94F1F115D5A005CF9CD /* UserLoginAndRegisterationTests.swift */; };
		43BAA95B1F115D5A005CF9CD /* UserLoginAndRegisterationUITests.swift in Sources */ = {isa = PBXBuildFile; fileRef = 43BAA95A1F115D5A005CF9CD /* UserLoginAndRegisterationUITests.swift */; };
/* End PBXBuildFile section */

/* Begin PBXContainerItemProxy section */
		43BAA94C1F115D5A005CF9CD /* PBXContainerItemProxy */ = {
			isa = PBXContainerItemProxy;
			containerPortal = 43BAA92F1F115D59005CF9CD /* Project object */;
			proxyType = 1;
			remoteGlobalIDString = 43BAA9361F115D59005CF9CD;
			remoteInfo = UserLoginAndRegisteration;
		};
		43BAA9571F115D5A005CF9CD /* PBXContainerItemProxy */ = {
			isa = PBXContainerItemProxy;
			containerPortal = 43BAA92F1F115D59005CF9CD /* Project object */;
			proxyType = 1;
			remoteGlobalIDString = 43BAA9361F115D59005CF9CD;
			remoteInfo = UserLoginAndRegisteration;
		};
/* End PBXContainerItemProxy section */

/* Begin PBXFileReference section */
		43BAA9371F115D59005CF9CD /* UserLoginAndRegisteration.app */ = {isa = PBXFileReference; explicitFileType = wrapper.application; includeInIndex = 0; path = UserLoginAndRegisteration.app; sourceTree = BUILT_PRODUCTS_DIR; };
		43BAA93A1F115D59005CF9CD /* AppDelegate.swift */ = {isa = PBXFileReference; lastKnownFileType = sourcecode.swift; path = AppDelegate.swift; sourceTree = "<group>"; };
		43BAA93C1F115D59005CF9CD /* ViewController.swift */ = {isa = PBXFileReference; lastKnownFileType = sourcecode.swift; path = ViewController.swift; sourceTree = "<group>"; };
		43BAA93F1F115D59005CF9CD /* Base */ = {isa = PBXFileReference; lastKnownFileType = file.storyboard; name = Base; path = Base.lproj/Main.storyboard; sourceTree = "<group>"; };
		43BAA9411F115D59005CF9CD /* Assets.xcassets */ = {isa = PBXFileReference; lastKnownFileType = folder.assetcatalog; path = Assets.xcassets; sourceTree = "<group>"; };
		43BAA9441F115D59005CF9CD /* Base */ = {isa = PBXFileReference; lastKnownFileType = file.storyboard; name = Base; path = Base.lproj/LaunchScreen.storyboard; sourceTree = "<group>"; };
		43BAA9461F115D59005CF9CD /* Info.plist */ = {isa = PBXFileReference; lastKnownFileType = text.plist.xml; path = Info.plist; sourceTree = "<group>"; };
		43BAA94B1F115D5A005CF9CD /* UserLoginAndRegisterationTests.xctest */ = {isa = PBXFileReference; explicitFileType = wrapper.cfbundle; includeInIndex = 0; path = UserLoginAndRegisterationTests.xctest; sourceTree = BUILT_PRODUCTS_DIR; };
		43BAA94F1F115D5A005CF9CD /* UserLoginAndRegisterationTests.swift */ = {isa = PBXFileReference; lastKnownFileType = sourcecode.swift; path = UserLoginAndRegisterationTests.swift; sourceTree = "<group>"; };
		43BAA9511F115D5A005CF9CD /* Info.plist */ = {isa = PBXFileReference; lastKnownFileType = text.plist.xml; path = Info.plist; sourceTree = "<group>"; };
		43BAA9561F115D5A005CF9CD /* UserLoginAndRegisterationUITests.xctest */ = {isa = PBXFileReference; explicitFileType = wrapper.cfbundle; includeInIndex = 0; path = UserLoginAndRegisterationUITests.xctest; sourceTree = BUILT_PRODUCTS_DIR; };
		43BAA95A1F115D5A005CF9CD /* UserLoginAndRegisterationUITests.swift */ = {isa = PBXFileReference; lastKnownFileType = sourcecode.swift; path = UserLoginAndRegisterationUITests.swift; sourceTree = "<group>"; };
		43BAA95C1F115D5A005CF9CD /* Info.plist */ = {isa = PBXFileReference; lastKnownFileType = text.plist.xml; path = Info.plist; sourceTree = "<group>"; };
/* End PBXFileReference section */

/* Begin PBXFrameworksBuildPhase section */
		43BAA9341F115D59005CF9CD /* Frameworks */ = {
			isa = PBXFrameworksBuildPhase;
			buildActionMask = 2147483647;
			files = (
			);
			runOnlyForDeploymentPostprocessing = 0;
		};
		43BAA9481F115D5A005CF9CD /* Frameworks */ = {
			isa = PBXFrameworksBuildPhase;
			buildActionMask = 2147483647;
			files = (
			);
			runOnlyForDeploymentPostprocessing = 0;
		};
		43BAA9531F115D5A005CF9CD /* Frameworks */ = {
			isa = PBXFrameworksBuildPhase;
			buildActionMask = 2147483647;
			files = (
			);
			runOnlyForDeploymentPostprocessing = 0;
		};
/* End PBXFrameworksBuildPhase section */

/* Begin PBXGroup section */
		43BAA92E1F115D59005CF9CD = {
			isa = PBXGroup;
			children = (
				43BAA9391F115D59005CF9CD /* UserLoginAndRegisteration */,
				43BAA94E1F115D5A005CF9CD /* UserLoginAndRegisterationTests */,
				43BAA9591F115D5A005CF9CD /* UserLoginAndRegisterationUITests */,
				43BAA9381F115D59005CF9CD /* Products */,
			);
			sourceTree = "<group>";
		};
		43BAA9381F115D59005CF9CD /* Products */ = {
			isa = PBXGroup;
			children = (
				43BAA9371F115D59005CF9CD /* UserLoginAndRegisteration.app */,
				43BAA94B1F115D5A005CF9CD /* UserLoginAndRegisterationTests.xctest */,
				43BAA9561F115D5A005CF9CD /* UserLoginAndRegisterationUITests.xctest */,
			);
			name = Products;
			sourceTree = "<group>";
		};
		43BAA9391F115D59005CF9CD /* UserLoginAndRegisteration */ = {
			isa = PBXGroup;
			children = (
				43BAA93A1F115D59005CF9CD /* AppDelegate.swift */,
				43BAA93C1F115D59005CF9CD /* ViewController.swift */,
				43BAA93E1F115D59005CF9CD /* Main.storyboard */,
				43BAA9411F115D59005CF9CD /* Assets.xcassets */,
				43BAA9431F115D59005CF9CD /* LaunchScreen.storyboard */,
				43BAA9461F115D59005CF9CD /* Info.plist */,
			);
			path = UserLoginAndRegisteration;
			sourceTree = "<group>";
		};
		43BAA94E1F115D5A005CF9CD /* UserLoginAndRegisterationTests */ = {
			isa = PBXGroup;
			children = (
				43BAA94F1F115D5A005CF9CD /* UserLoginAndRegisterationTests.swift */,
				43BAA9511F115D5A005CF9CD /* Info.plist */,
			);
			path = UserLoginAndRegisterationTests;
			sourceTree = "<group>";
		};
		43BAA9591F115D5A005CF9CD /* UserLoginAndRegisterationUITests */ = {
			isa = PBXGroup;
			children = (
				43BAA95A1F115D5A005CF9CD /* UserLoginAndRegisterationUITests.swift */,
				43BAA95C1F115D5A005CF9CD /* Info.plist */,
			);
			path = UserLoginAndRegisterationUITests;
			sourceTree = "<group>";
		};
/* End PBXGroup section */

/* Begin PBXNativeTarget section */
		43BAA9361F115D59005CF9CD /* UserLoginAndRegisteration */ = {
			isa = PBXNativeTarget;
			buildConfigurationList = 43BAA95F1F115D5A005CF9CD /* Build configuration list for PBXNativeTarget "UserLoginAndRegisteration" */;
			buildPhases = (
				43BAA9331F115D59005CF9CD /* Sources */,
				43BAA9341F115D59005CF9CD /* Frameworks */,
				43BAA9351F115D59005CF9CD /* Resources */,
			);
			buildRules = (
			);
			dependencies = (
			);
			name = UserLoginAndRegisteration;
			productName = UserLoginAndRegisteration;
			productReference = 43BAA9371F115D59005CF9CD /* UserLoginAndRegisteration.app */;
			productType = "com.apple.product-type.application";
		};
		43BAA94A1F115D5A005CF9CD /* UserLoginAndRegisterationTests */ = {
			isa = PBXNativeTarget;
			buildConfigurationList = 43BAA9621F115D5A005CF9CD /* Build configuration list for PBXNativeTarget "UserLoginAndRegisterationTests" */;
			buildPhases = (
				43BAA9471F115D5A005CF9CD /* Sources */,
				43BAA9481F115D5A005CF9CD /* Frameworks */,
				43BAA9491F115D5A005CF9CD /* Resources */,
			);
			buildRules = (
			);
			dependencies = (
				43BAA94D1F115D5A005CF9CD /* PBXTargetDependency */,
			);
			name = UserLoginAndRegisterationTests;
			productName = UserLoginAndRegisterationTests;
			productReference = 43BAA94B1F115D5A005CF9CD /* UserLoginAndRegisterationTests.xctest */;
			productType = "com.apple.product-type.bundle.unit-test";
		};
		43BAA9551F115D5A005CF9CD /* UserLoginAndRegisterationUITests */ = {
			isa = PBXNativeTarget;
			buildConfigurationList = 43BAA9651F115D5A005CF9CD /* Build configuration list for PBXNativeTarget "UserLoginAndRegisterationUITests" */;
			buildPhases = (
				43BAA9521F115D5A005CF9CD /* Sources */,
				43BAA9531F115D5A005CF9CD /* Frameworks */,
				43BAA9541F115D5A005CF9CD /* Resources */,
			);
			buildRules = (
			);
			dependencies = (
				43BAA9581F115D5A005CF9CD /* PBXTargetDependency */,
			);
			name = UserLoginAndRegisterationUITests;
			productName = UserLoginAndRegisterationUITests;
			productReference = 43BAA9561F115D5A005CF9CD /* UserLoginAndRegisterationUITests.xctest */;
			productType = "com.apple.product-type.bundle.ui-testing";
		};
/* End PBXNativeTarget section */

/* Begin PBXProject section */
		43BAA92F1F115D59005CF9CD /* Project object */ = {
			isa = PBXProject;
			attributes = {
				LastSwiftUpdateCheck = 0830;
				LastUpgradeCheck = 0830;
				ORGANIZATIONNAME = peggyLai;
				TargetAttributes = {
					43BAA9361F115D59005CF9CD = {
						CreatedOnToolsVersion = 8.3.3;
						ProvisioningStyle = Automatic;
					};
					43BAA94A1F115D5A005CF9CD = {
						CreatedOnToolsVersion = 8.3.3;
						ProvisioningStyle = Automatic;
						TestTargetID = 43BAA9361F115D59005CF9CD;
					};
					43BAA9551F115D5A005CF9CD = {
						CreatedOnToolsVersion = 8.3.3;
						ProvisioningStyle = Automatic;
						TestTargetID = 43BAA9361F115D59005CF9CD;
					};
				};
			};
			buildConfigurationList = 43BAA9321F115D59005CF9CD /* Build configuration list for PBXProject "UserLoginAndRegisteration" */;
			compatibilityVersion = "Xcode 3.2";
			developmentRegion = English;
			hasScannedForEncodings = 0;
			knownRegions = (
				en,
				Base,
			);
			mainGroup = 43BAA92E1F115D59005CF9CD;
			productRefGroup = 43BAA9381F115D59005CF9CD /* Products */;
			projectDirPath = "";
			projectRoot = "";
			targets = (
				43BAA9361F115D59005CF9CD /* UserLoginAndRegisteration */,
				43BAA94A1F115D5A005CF9CD /* UserLoginAndRegisterationTests */,
				43BAA9551F115D5A005CF9CD /* UserLoginAndRegisterationUITests */,
			);
		};
/* End PBXProject section */

/* Begin PBXResourcesBuildPhase section */
		43BAA9351F115D59005CF9CD /* Resources */ = {
			isa = PBXResourcesBuildPhase;
			buildActionMask = 2147483647;
			files = (
				43BAA9451F115D59005CF9CD /* LaunchScreen.storyboard in Resources */,
				43BAA9421F115D59005CF9CD /* Assets.xcassets in Resources */,
				43BAA9401F115D59005CF9CD /* Main.storyboard in Resources */,
			);
			runOnlyForDeploymentPostprocessing = 0;
		};
		43BAA9491F115D5A005CF9CD /* Resources */ = {
			isa = PBXResourcesBuildPhase;
			buildActionMask = 2147483647;
			files = (
			);
			runOnlyForDeploymentPostprocessing = 0;
		};
		43BAA9541F115D5A005CF9CD /* Resources */ = {
			isa = PBXResourcesBuildPhase;
			buildActionMask = 2147483647;
			files = (
			);
			runOnlyForDeploymentPostprocessing = 0;
		};
/* End PBXResourcesBuildPhase section */

/* Begin PBXSourcesBuildPhase section */
		43BAA9331F115D59005CF9CD /* Sources */ = {
			isa = PBXSourcesBuildPhase;
			buildActionMask = 2147483647;
			files = (
				43BAA93D1F115D59005CF9CD /* ViewController.swift in Sources */,
				43BAA93B1F115D59005CF9CD /* AppDelegate.swift in Sources */,
			);
			runOnlyForDeploymentPostprocessing = 0;
		};
		43BAA9471F115D5A005CF9CD /* Sources */ = {
			isa = PBXSourcesBuildPhase;
			buildActionMask = 2147483647;
			files = (
				43BAA9501F115D5A005CF9CD /* UserLoginAndRegisterationTests.swift in Sources */,
			);
			runOnlyForDeploymentPostprocessing = 0;
		};
		43BAA9521F115D5A005CF9CD /* Sources */ = {
			isa = PBXSourcesBuildPhase;
			buildActionMask = 2147483647;
			files = (
				43BAA95B1F115D5A005CF9CD /* UserLoginAndRegisterationUITests.swift in Sources */,
			);
			runOnlyForDeploymentPostprocessing = 0;
		};
/* End PBXSourcesBuildPhase section */

/* Begin PBXTargetDependency section */
		43BAA94D1F115D5A005CF9CD /* PBXTargetDependency */ = {
			isa = PBXTargetDependency;
			target = 43BAA9361F115D59005CF9CD /* UserLoginAndRegisteration */;
			targetProxy = 43BAA94C1F115D5A005CF9CD /* PBXContainerItemProxy */;
		};
		43BAA9581F115D5A005CF9CD /* PBXTargetDependency */ = {
			isa = PBXTargetDependency;
			target = 43BAA9361F115D59005CF9CD /* UserLoginAndRegisteration */;
			targetProxy = 43BAA9571F115D5A005CF9CD /* PBXContainerItemProxy */;
		};
/* End PBXTargetDependency section */

/* Begin PBXVariantGroup section */
		43BAA93E1F115D59005CF9CD /* Main.storyboard */ = {
			isa = PBXVariantGroup;
			children = (
				43BAA93F1F115D59005CF9CD /* Base */,
			);
			name = Main.storyboard;
			sourceTree = "<group>";
		};
		43BAA9431F115D59005CF9CD /* LaunchScreen.storyboard */ = {
			isa = PBXVariantGroup;
			children = (
				43BAA9441F115D59005CF9CD /* Base */,
			);
			name = LaunchScreen.storyboard;
			sourceTree = "<group>";
		};
/* End PBXVariantGroup section */

/* Begin XCBuildConfiguration section */
		43BAA95D1F115D5A005CF9CD /* Debug */ = {
			isa = XCBuildConfiguration;
			buildSettings = {
				ALWAYS_SEARCH_USER_PATHS = NO;
				CLANG_ANALYZER_NONNULL = YES;
				CLANG_ANALYZER_NUMBER_OBJECT_CONVERSION = YES_AGGRESSIVE;
				CLANG_CXX_LANGUAGE_STANDARD = "gnu++0x";
				CLANG_CXX_LIBRARY = "libc++";
				CLANG_ENABLE_MODULES = YES;
				CLANG_ENABLE_OBJC_ARC = YES;
				CLANG_WARN_BOOL_CONVERSION = YES;
				CLANG_WARN_CONSTANT_CONVERSION = YES;
				CLANG_WARN_DIRECT_OBJC_ISA_USAGE = YES_ERROR;
				CLANG_WARN_DOCUMENTATION_COMMENTS = YES;
				CLANG_WARN_EMPTY_BODY = YES;
				CLANG_WARN_ENUM_CONVERSION = YES;
				CLANG_WARN_INFINITE_RECURSION = YES;
				CLANG_WARN_INT_CONVERSION = YES;
				CLANG_WARN_OBJC_ROOT_CLASS = YES_ERROR;
				CLANG_WARN_SUSPICIOUS_MOVE = YES;
				CLANG_WARN_UNREACHABLE_CODE = YES;
				CLANG_WARN__DUPLICATE_METHOD_MATCH = YES;
				"CODE_SIGN_IDENTITY[sdk=iphoneos*]" = "iPhone Developer";
				COPY_PHASE_STRIP = NO;
				DEBUG_INFORMATION_FORMAT = dwarf;
				ENABLE_STRICT_OBJC_MSGSEND = YES;
				ENABLE_TESTABILITY = YES;
				GCC_C_LANGUAGE_STANDARD = gnu99;
				GCC_DYNAMIC_NO_PIC = NO;
				GCC_NO_COMMON_BLOCKS = YES;
				GCC_OPTIMIZATION_LEVEL = 0;
				GCC_PREPROCESSOR_DEFINITIONS = (
					"DEBUG=1",
					"$(inherited)",
				);
				GCC_WARN_64_TO_32_BIT_CONVERSION = YES;
				GCC_WARN_ABOUT_RETURN_TYPE = YES_ERROR;
				GCC_WARN_UNDECLARED_SELECTOR = YES;
				GCC_WARN_UNINITIALIZED_AUTOS = YES_AGGRESSIVE;
				GCC_WARN_UNUSED_FUNCTION = YES;
				GCC_WARN_UNUSED_VARIABLE = YES;
				IPHONEOS_DEPLOYMENT_TARGET = 10.3;
				MTL_ENABLE_DEBUG_INFO = YES;
				ONLY_ACTIVE_ARCH = YES;
				SDKROOT = iphoneos;
				SWIFT_ACTIVE_COMPILATION_CONDITIONS = DEBUG;
				SWIFT_OPTIMIZATION_LEVEL = "-Onone";
			};
			name = Debug;
		};
		43BAA95E1F115D5A005CF9CD /* Release */ = {
			isa = XCBuildConfiguration;
			buildSettings = {
				ALWAYS_SEARCH_USER_PATHS = NO;
				CLANG_ANALYZER_NONNULL = YES;
				CLANG_ANALYZER_NUMBER_OBJECT_CONVERSION = YES_AGGRESSIVE;
				CLANG_CXX_LANGUAGE_STANDARD = "gnu++0x";
				CLANG_CXX_LIBRARY = "libc++";
				CLANG_ENABLE_MODULES = YES;
				CLANG_ENABLE_OBJC_ARC = YES;
				CLANG_WARN_BOOL_CONVERSION = YES;
				CLANG_WARN_CONSTANT_CONVERSION = YES;
				CLANG_WARN_DIRECT_OBJC_ISA_USAGE = YES_ERROR;
				CLANG_WARN_DOCUMENTATION_COMMENTS = YES;
				CLANG_WARN_EMPTY_BODY = YES;
				CLANG_WARN_ENUM_CONVERSION = YES;
				CLANG_WARN_INFINITE_RECURSION = YES;
				CLANG_WARN_INT_CONVERSION = YES;
				CLANG_WARN_OBJC_ROOT_CLASS = YES_ERROR;
				CLANG_WARN_SUSPICIOUS_MOVE = YES;
				CLANG_WARN_UNREACHABLE_CODE = YES;
				CLANG_WARN__DUPLICATE_METHOD_MATCH = YES;
				"CODE_SIGN_IDENTITY[sdk=iphoneos*]" = "iPhone Developer";
				COPY_PHASE_STRIP = NO;
				DEBUG_INFORMATION_FORMAT = "dwarf-with-dsym";
				ENABLE_NS_ASSERTIONS = NO;
				ENABLE_STRICT_OBJC_MSGSEND = YES;
				GCC_C_LANGUAGE_STANDARD = gnu99;
				GCC_NO_COMMON_BLOCKS = YES;
				GCC_WARN_64_TO_32_BIT_CONVERSION = YES;
				GCC_WARN_ABOUT_RETURN_TYPE = YES_ERROR;
				GCC_WARN_UNDECLARED_SELECTOR = YES;
				GCC_WARN_UNINITIALIZED_AUTOS = YES_AGGRESSIVE;
				GCC_WARN_UNUSED_FUNCTION = YES;
				GCC_WARN_UNUSED_VARIABLE = YES;
				IPHONEOS_DEPLOYMENT_TARGET = 10.3;
				MTL_ENABLE_DEBUG_INFO = NO;
				SDKROOT = iphoneos;
				SWIFT_OPTIMIZATION_LEVEL = "-Owholemodule";
				VALIDATE_PRODUCT = YES;
			};
			name = Release;
		};
		43BAA9601F115D5A005CF9CD /* Debug */ = {
			isa = XCBuildConfiguration;
			buildSettings = {
				ASSETCATALOG_COMPILER_APPICON_NAME = AppIcon;
				INFOPLIST_FILE = UserLoginAndRegisteration/Info.plist;
				LD_RUNPATH_SEARCH_PATHS = "$(inherited) @executable_path/Frameworks";
				PRODUCT_BUNDLE_IDENTIFIER = aa.UserLoginAndRegisteration;
				PRODUCT_NAME = "$(TARGET_NAME)";
				SWIFT_VERSION = 3.0;
			};
			name = Debug;
		};
		43BAA9611F115D5A005CF9CD /* Release */ = {
			isa = XCBuildConfiguration;
			buildSettings = {
				ASSETCATALOG_COMPILER_APPICON_NAME = AppIcon;
				INFOPLIST_FILE = UserLoginAndRegisteration/Info.plist;
				LD_RUNPATH_SEARCH_PATHS = "$(inherited) @executable_path/Frameworks";
				PRODUCT_BUNDLE_IDENTIFIER = aa.UserLoginAndRegisteration;
				PRODUCT_NAME = "$(TARGET_NAME)";
				SWIFT_VERSION = 3.0;
			};
			name = Release;
		};
		43BAA9631F115D5A005CF9CD /* Debug */ = {
			isa = XCBuildConfiguration;
			buildSettings = {
				ALWAYS_EMBED_SWIFT_STANDARD_LIBRARIES = YES;
				BUNDLE_LOADER = "$(TEST_HOST)";
				INFOPLIST_FILE = UserLoginAndRegisterationTests/Info.plist;
				LD_RUNPATH_SEARCH_PATHS = "$(inherited) @executable_path/Frameworks @loader_path/Frameworks";
				PRODUCT_BUNDLE_IDENTIFIER = aa.UserLoginAndRegisterationTests;
				PRODUCT_NAME = "$(TARGET_NAME)";
				SWIFT_VERSION = 3.0;
				TEST_HOST = "$(BUILT_PRODUCTS_DIR)/UserLoginAndRegisteration.app/UserLoginAndRegisteration";
			};
			name = Debug;
		};
		43BAA9641F115D5A005CF9CD /* Release */ = {
			isa = XCBuildConfiguration;
			buildSettings = {
				ALWAYS_EMBED_SWIFT_STANDARD_LIBRARIES = YES;
				BUNDLE_LOADER = "$(TEST_HOST)";
				INFOPLIST_FILE = UserLoginAndRegisterationTests/Info.plist;
				LD_RUNPATH_SEARCH_PATHS = "$(inherited) @executable_path/Frameworks @loader_path/Frameworks";
				PRODUCT_BUNDLE_IDENTIFIER = aa.UserLoginAndRegisterationTests;
				PRODUCT_NAME = "$(TARGET_NAME)";
				SWIFT_VERSION = 3.0;
				TEST_HOST = "$(BUILT_PRODUCTS_DIR)/UserLoginAndRegisteration.app/UserLoginAndRegisteration";
			};
			name = Release;
		};
		43BAA9661F115D5A005CF9CD /* Debug */ = {
			isa = XCBuildConfiguration;
			buildSettings = {
				ALWAYS_EMBED_SWIFT_STANDARD_LIBRARIES = YES;
				INFOPLIST_FILE = UserLoginAndRegisterationUITests/Info.plist;
				LD_RUNPATH_SEARCH_PATHS = "$(inherited) @executable_path/Frameworks @loader_path/Frameworks";
				PRODUCT_BUNDLE_IDENTIFIER = aa.UserLoginAndRegisterationUITests;
				PRODUCT_NAME = "$(TARGET_NAME)";
				SWIFT_VERSION = 3.0;
				TEST_TARGET_NAME = UserLoginAndRegisteration;
			};
			name = Debug;
		};
		43BAA9671F115D5A005CF9CD /* Release */ = {
			isa = XCBuildConfiguration;
			buildSettings = {
				ALWAYS_EMBED_SWIFT_STANDARD_LIBRARIES = YES;
				INFOPLIST_FILE = UserLoginAndRegisterationUITests/Info.plist;
				LD_RUNPATH_SEARCH_PATHS = "$(inherited) @executable_path/Frameworks @loader_path/Frameworks";
				PRODUCT_BUNDLE_IDENTIFIER = aa.UserLoginAndRegisterationUITests;
				PRODUCT_NAME = "$(TARGET_NAME)";
				SWIFT_VERSION = 3.0;
				TEST_TARGET_NAME = UserLoginAndRegisteration;
			};
			name = Release;
		};
/* End XCBuildConfiguration section */

/* Begin XCConfigurationList section */
		43BAA9321F115D59005CF9CD /* Build configuration list for PBXProject "UserLoginAndRegisteration" */ = {
			isa = XCConfigurationList;
			buildConfigurations = (
				43BAA95D1F115D5A005CF9CD /* Debug */,
				43BAA95E1F115D5A005CF9CD /* Release */,
			);
			defaultConfigurationIsVisible = 0;
			defaultConfigurationName = Release;
		};
		43BAA95F1F115D5A005CF9CD /* Build configuration list for PBXNativeTarget "UserLoginAndRegisteration" */ = {
			isa = XCConfigurationList;
			buildConfigurations = (
				43BAA9601F115D5A005CF9CD /* Debug */,
				43BAA9611F115D5A005CF9CD /* Release */,
			);
			defaultConfigurationIsVisible = 0;
		};
		43BAA9621F115D5A005CF9CD /* Build configuration list for PBXNativeTarget "UserLoginAndRegisterationTests" */ = {
			isa = XCConfigurationList;
			buildConfigurations = (
				43BAA9631F115D5A005CF9CD /* Debug */,
				43BAA9641F115D5A005CF9CD /* Release */,
			);
			defaultConfigurationIsVisible = 0;
		};
		43BAA9651F115D5A005CF9CD /* Build configuration list for PBXNativeTarget "UserLoginAndRegisterationUITests" */ = {
			isa = XCConfigurationList;
			buildConfigurations = (
				43BAA9661F115D5A005CF9CD /* Debug */,
				43BAA9671F115D5A005CF9CD /* Release */,
			);
			defaultConfigurationIsVisible = 0;
		};
/* End XCConfigurationList section */
	};
	rootObject = 43BAA92F1F115D59005CF9CD /* Project object */;
}
